github.com/somoers/dog v0.0.0-20240120105639-fdddb79d4654 h1:paT30CcGrfPr1J1Z7Plcpeo0v9/jtYbQqlqbzeOvJoI=
github.com/somoers/dog v0.0.0-20240120105639-fdddb79d4654/go.mod h1:wjvcSVD31iDLy/VgFOVgTPVEJ2vdVuQAItHox/LbBxk=
github.com/somoers/puppy v0.0.0-20240120101532-7a7613cd0e49 h1:haH7DqWCfW3i5xoL0zrU91ozE3N58ZUzEHiZ6RbBac0=
github.com/somoers/puppy v0.0.0-20240120101532-7a7613cd0e49/go.mod h1:JuxcaOndhc5YjO8v6SFOmkx9ZYdm2BSX7cI5Uthhv2k=
github.com/somoers/puppy v0.0.0-20240120110415-a62fcbd4628a h1:rDwxs+0lMyAGJ2CsW9VUp1JrixYBoGatBu9EwUf57I0=
github.com/somoers/puppy v0.0.0-20240120110415-a62fcbd4628a/go.mod h1:CUuagbBMUMhvZHpTgIH3G1huNZDid9qGhMLaCnVC/6c=
